// !$*UTF8*$!
{
	archiveVersion = 1;
	classes = {
	};
	objectVersion = 56;
	objects = {

/* Begin PBXBuildFile section */
		971A66602B25F57600125DAC /* EssentialFeed.framework in Frameworks */ = {isa = PBXBuildFile; fileRef = 971A66572B25F57500125DAC /* EssentialFeed.framework */; };
		971A66702B25F59D00125DAC /* FeedItem.swift in Sources */ = {isa = PBXBuildFile; fileRef = 971A666F2B25F59D00125DAC /* FeedItem.swift */; };
		971A66722B25F65B00125DAC /* FeedLoader.swift in Sources */ = {isa = PBXBuildFile; fileRef = 971A66712B25F65B00125DAC /* FeedLoader.swift */; };
		971A66752B25F7CE00125DAC /* LoadFeedFromRemoteUseCaseTest.swift in Sources */ = {isa = PBXBuildFile; fileRef = 971A66742B25F7CE00125DAC /* LoadFeedFromRemoteUseCaseTest.swift */; };
		971A66782B2604F700125DAC /* RemoteFeedLoader.swift in Sources */ = {isa = PBXBuildFile; fileRef = 971A66772B2604F700125DAC /* RemoteFeedLoader.swift */; };
		972082E62B2CF96E0054D897 /* URLSessionHTTPClient.swift in Sources */ = {isa = PBXBuildFile; fileRef = 972082E52B2CF96E0054D897 /* URLSessionHTTPClient.swift */; };
		972082EF2B2CFCEB0054D897 /* EssentialFeedAPIEndToEndTests.swift in Sources */ = {isa = PBXBuildFile; fileRef = 972082EE2B2CFCEB0054D897 /* EssentialFeedAPIEndToEndTests.swift */; };
		972082F02B2CFCEB0054D897 /* EssentialFeed.framework in Frameworks */ = {isa = PBXBuildFile; fileRef = 971A66572B25F57500125DAC /* EssentialFeed.framework */; };
		972082F62B2D03230054D897 /* XCTestCase+MemoryLeakTracking.swift in Sources */ = {isa = PBXBuildFile; fileRef = 9777FBAD2B29EA7C004DF1E3 /* XCTestCase+MemoryLeakTracking.swift */; };
		973F28402B2F94770078367B /* RemoteFeedItem.swift in Sources */ = {isa = PBXBuildFile; fileRef = 973F283F2B2F94770078367B /* RemoteFeedItem.swift */; };
		973F28422B2F953D0078367B /* LocalFeedItem.swift in Sources */ = {isa = PBXBuildFile; fileRef = 973F28412B2F953D0078367B /* LocalFeedItem.swift */; };
		9777FBA62B27BF05004DF1E3 /* HTTPClient.swift in Sources */ = {isa = PBXBuildFile; fileRef = 9777FBA52B27BF05004DF1E3 /* HTTPClient.swift */; };
		9777FBA82B27BF77004DF1E3 /* FeedItemsMapper.swift in Sources */ = {isa = PBXBuildFile; fileRef = 9777FBA72B27BF77004DF1E3 /* FeedItemsMapper.swift */; };
		9777FBAB2B2901A2004DF1E3 /* URLSessionHTTPClientTests.swift in Sources */ = {isa = PBXBuildFile; fileRef = 9777FBAA2B2901A2004DF1E3 /* URLSessionHTTPClientTests.swift */; };
		9777FBAE2B29EA7C004DF1E3 /* XCTestCase+MemoryLeakTracking.swift in Sources */ = {isa = PBXBuildFile; fileRef = 9777FBAD2B29EA7C004DF1E3 /* XCTestCase+MemoryLeakTracking.swift */; };
		979BF1AE2B2E0B6400424A7C /* CacheFeedUsetestCaseTests.swift in Sources */ = {isa = PBXBuildFile; fileRef = 979BF1AD2B2E0B6400424A7C /* CacheFeedUsetestCaseTests.swift */; };
		979BF1B12B2E61B500424A7C /* LocalFeedLoader.swift in Sources */ = {isa = PBXBuildFile; fileRef = 979BF1B02B2E61B500424A7C /* LocalFeedLoader.swift */; };
		979BF1B32B2E624100424A7C /* FeedStore.swift in Sources */ = {isa = PBXBuildFile; fileRef = 979BF1B22B2E624100424A7C /* FeedStore.swift */; };
/* End PBXBuildFile section */

/* Begin PBXContainerItemProxy section */
		971A66612B25F57600125DAC /* PBXContainerItemProxy */ = {
			isa = PBXContainerItemProxy;
			containerPortal = 971A664E2B25F57500125DAC /* Project object */;
			proxyType = 1;
			remoteGlobalIDString = 971A66562B25F57500125DAC;
			remoteInfo = EssentialFeed;
		};
		972082F12B2CFCEB0054D897 /* PBXContainerItemProxy */ = {
			isa = PBXContainerItemProxy;
			containerPortal = 971A664E2B25F57500125DAC /* Project object */;
			proxyType = 1;
			remoteGlobalIDString = 971A66562B25F57500125DAC;
			remoteInfo = EssentialFeed;
		};
/* End PBXContainerItemProxy section */

/* Begin PBXFileReference section */
		971A66572B25F57500125DAC /* EssentialFeed.framework */ = {isa = PBXFileReference; explicitFileType = wrapper.framework; includeInIndex = 0; path = EssentialFeed.framework; sourceTree = BUILT_PRODUCTS_DIR; };
		971A665F2B25F57600125DAC /* EssentialFeedTests.xctest */ = {isa = PBXFileReference; explicitFileType = wrapper.cfbundle; includeInIndex = 0; path = EssentialFeedTests.xctest; sourceTree = BUILT_PRODUCTS_DIR; };
		971A666F2B25F59D00125DAC /* FeedItem.swift */ = {isa = PBXFileReference; lastKnownFileType = sourcecode.swift; path = FeedItem.swift; sourceTree = "<group>"; };
		971A66712B25F65B00125DAC /* FeedLoader.swift */ = {isa = PBXFileReference; lastKnownFileType = sourcecode.swift; path = FeedLoader.swift; sourceTree = "<group>"; };
		971A66742B25F7CE00125DAC /* LoadFeedFromRemoteUseCaseTest.swift */ = {isa = PBXFileReference; lastKnownFileType = sourcecode.swift; path = LoadFeedFromRemoteUseCaseTest.swift; sourceTree = "<group>"; };
		971A66772B2604F700125DAC /* RemoteFeedLoader.swift */ = {isa = PBXFileReference; lastKnownFileType = sourcecode.swift; path = RemoteFeedLoader.swift; sourceTree = "<group>"; };
		972082E52B2CF96E0054D897 /* URLSessionHTTPClient.swift */ = {isa = PBXFileReference; lastKnownFileType = sourcecode.swift; path = URLSessionHTTPClient.swift; sourceTree = "<group>"; };
		972082E72B2CFAF30054D897 /* EssentialFeed.xctestplan */ = {isa = PBXFileReference; lastKnownFileType = text; path = EssentialFeed.xctestplan; sourceTree = "<group>"; };
		972082EC2B2CFCEB0054D897 /* EssentialFeedAPIEndToEndTests.xctest */ = {isa = PBXFileReference; explicitFileType = wrapper.cfbundle; includeInIndex = 0; path = EssentialFeedAPIEndToEndTests.xctest; sourceTree = BUILT_PRODUCTS_DIR; };
		972082EE2B2CFCEB0054D897 /* EssentialFeedAPIEndToEndTests.swift */ = {isa = PBXFileReference; lastKnownFileType = sourcecode.swift; path = EssentialFeedAPIEndToEndTests.swift; sourceTree = "<group>"; };
		973F283F2B2F94770078367B /* RemoteFeedItem.swift */ = {isa = PBXFileReference; lastKnownFileType = sourcecode.swift; path = RemoteFeedItem.swift; sourceTree = "<group>"; };
		973F28412B2F953D0078367B /* LocalFeedItem.swift */ = {isa = PBXFileReference; lastKnownFileType = sourcecode.swift; path = LocalFeedItem.swift; sourceTree = "<group>"; };
		974601922B2D043100CB8DA0 /* EssentialFeedAPIEndToEndTests.xctestplan */ = {isa = PBXFileReference; lastKnownFileType = text; path = EssentialFeedAPIEndToEndTests.xctestplan; sourceTree = "<group>"; };
		9777FBA52B27BF05004DF1E3 /* HTTPClient.swift */ = {isa = PBXFileReference; lastKnownFileType = sourcecode.swift; path = HTTPClient.swift; sourceTree = "<group>"; };
		9777FBA72B27BF77004DF1E3 /* FeedItemsMapper.swift */ = {isa = PBXFileReference; lastKnownFileType = sourcecode.swift; path = FeedItemsMapper.swift; sourceTree = "<group>"; };
		9777FBAA2B2901A2004DF1E3 /* URLSessionHTTPClientTests.swift */ = {isa = PBXFileReference; lastKnownFileType = sourcecode.swift; path = URLSessionHTTPClientTests.swift; sourceTree = "<group>"; };
		9777FBAD2B29EA7C004DF1E3 /* XCTestCase+MemoryLeakTracking.swift */ = {isa = PBXFileReference; lastKnownFileType = sourcecode.swift; path = "XCTestCase+MemoryLeakTracking.swift"; sourceTree = "<group>"; };
		979BF1AD2B2E0B6400424A7C /* CacheFeedUsetestCaseTests.swift */ = {isa = PBXFileReference; lastKnownFileType = sourcecode.swift; path = CacheFeedUsetestCaseTests.swift; sourceTree = "<group>"; };
		979BF1B02B2E61B500424A7C /* LocalFeedLoader.swift */ = {isa = PBXFileReference; lastKnownFileType = sourcecode.swift; path = LocalFeedLoader.swift; sourceTree = "<group>"; };
		979BF1B22B2E624100424A7C /* FeedStore.swift */ = {isa = PBXFileReference; lastKnownFileType = sourcecode.swift; path = FeedStore.swift; sourceTree = "<group>"; };
/* End PBXFileReference section */

/* Begin PBXFrameworksBuildPhase section */
		971A66542B25F57500125DAC /* Frameworks */ = {
			isa = PBXFrameworksBuildPhase;
			buildActionMask = 2147483647;
			files = (
			);
			runOnlyForDeploymentPostprocessing = 0;
		};
		971A665C2B25F57600125DAC /* Frameworks */ = {
			isa = PBXFrameworksBuildPhase;
			buildActionMask = 2147483647;
			files = (
				971A66602B25F57600125DAC /* EssentialFeed.framework in Frameworks */,
			);
			runOnlyForDeploymentPostprocessing = 0;
		};
		972082E92B2CFCEB0054D897 /* Frameworks */ = {
			isa = PBXFrameworksBuildPhase;
			buildActionMask = 2147483647;
			files = (
				972082F02B2CFCEB0054D897 /* EssentialFeed.framework in Frameworks */,
			);
			runOnlyForDeploymentPostprocessing = 0;
		};
/* End PBXFrameworksBuildPhase section */

/* Begin PBXGroup section */
		971A664D2B25F57500125DAC = {
			isa = PBXGroup;
			children = (
				971A66592B25F57500125DAC /* EssentialFeed */,
				971A66632B25F57600125DAC /* EssentialFeedTests */,
				972082ED2B2CFCEB0054D897 /* EssentialFeedAPIEndToEndTests */,
				971A66582B25F57500125DAC /* Products */,
			);
			sourceTree = "<group>";
		};
		971A66582B25F57500125DAC /* Products */ = {
			isa = PBXGroup;
			children = (
				971A66572B25F57500125DAC /* EssentialFeed.framework */,
				971A665F2B25F57600125DAC /* EssentialFeedTests.xctest */,
				972082EC2B2CFCEB0054D897 /* EssentialFeedAPIEndToEndTests.xctest */,
			);
			name = Products;
			sourceTree = "<group>";
		};
		971A66592B25F57500125DAC /* EssentialFeed */ = {
			isa = PBXGroup;
			children = (
				979BF1AF2B2E61A000424A7C /* Feed Cache */,
				971A66762B26042F00125DAC /* Feed API */,
				971A66732B25F6F600125DAC /* Feed Feature */,
			);
			path = EssentialFeed;
			sourceTree = "<group>";
		};
		971A66632B25F57600125DAC /* EssentialFeedTests */ = {
			isa = PBXGroup;
			children = (
				972082E72B2CFAF30054D897 /* EssentialFeed.xctestplan */,
				9777FBAC2B29EA56004DF1E3 /* Helper */,
				979BF1AC2B2E0AAB00424A7C /* Feed Cache */,
				9777FBA92B289405004DF1E3 /* Feed API */,
			);
			path = EssentialFeedTests;
			sourceTree = "<group>";
		};
		971A66732B25F6F600125DAC /* Feed Feature */ = {
			isa = PBXGroup;
			children = (
				971A666F2B25F59D00125DAC /* FeedItem.swift */,
				971A66712B25F65B00125DAC /* FeedLoader.swift */,
			);
			path = "Feed Feature";
			sourceTree = "<group>";
		};
		971A66762B26042F00125DAC /* Feed API */ = {
			isa = PBXGroup;
			children = (
				971A66772B2604F700125DAC /* RemoteFeedLoader.swift */,
				9777FBA52B27BF05004DF1E3 /* HTTPClient.swift */,
				9777FBA72B27BF77004DF1E3 /* FeedItemsMapper.swift */,
				972082E52B2CF96E0054D897 /* URLSessionHTTPClient.swift */,
				973F283F2B2F94770078367B /* RemoteFeedItem.swift */,
			);
			path = "Feed API";
			sourceTree = "<group>";
		};
		972082ED2B2CFCEB0054D897 /* EssentialFeedAPIEndToEndTests */ = {
			isa = PBXGroup;
			children = (
				974601922B2D043100CB8DA0 /* EssentialFeedAPIEndToEndTests.xctestplan */,
				972082EE2B2CFCEB0054D897 /* EssentialFeedAPIEndToEndTests.swift */,
			);
			path = EssentialFeedAPIEndToEndTests;
			sourceTree = "<group>";
		};
		9777FBA92B289405004DF1E3 /* Feed API */ = {
			isa = PBXGroup;
			children = (
				971A66742B25F7CE00125DAC /* LoadFeedFromRemoteUseCaseTest.swift */,
				9777FBAA2B2901A2004DF1E3 /* URLSessionHTTPClientTests.swift */,
			);
			path = "Feed API";
			sourceTree = "<group>";
		};
		9777FBAC2B29EA56004DF1E3 /* Helper */ = {
			isa = PBXGroup;
			children = (
				9777FBAD2B29EA7C004DF1E3 /* XCTestCase+MemoryLeakTracking.swift */,
			);
			path = Helper;
			sourceTree = "<group>";
		};
		979BF1AC2B2E0AAB00424A7C /* Feed Cache */ = {
			isa = PBXGroup;
			children = (
				979BF1AD2B2E0B6400424A7C /* CacheFeedUsetestCaseTests.swift */,
			);
			path = "Feed Cache";
			sourceTree = "<group>";
		};
		979BF1AF2B2E61A000424A7C /* Feed Cache */ = {
			isa = PBXGroup;
			children = (
				979BF1B02B2E61B500424A7C /* LocalFeedLoader.swift */,
				979BF1B22B2E624100424A7C /* FeedStore.swift */,
				973F28412B2F953D0078367B /* LocalFeedItem.swift */,
			);
			path = "Feed Cache";
			sourceTree = "<group>";
		};
/* End PBXGroup section */

/* Begin PBXHeadersBuildPhase section */
		971A66522B25F57500125DAC /* Headers */ = {
			isa = PBXHeadersBuildPhase;
			buildActionMask = 2147483647;
			files = (
			);
			runOnlyForDeploymentPostprocessing = 0;
		};
/* End PBXHeadersBuildPhase section */

/* Begin PBXNativeTarget section */
		971A66562B25F57500125DAC /* EssentialFeed */ = {
			isa = PBXNativeTarget;
			buildConfigurationList = 971A66692B25F57600125DAC /* Build configuration list for PBXNativeTarget "EssentialFeed" */;
			buildPhases = (
				971A66522B25F57500125DAC /* Headers */,
				971A66532B25F57500125DAC /* Sources */,
				971A66542B25F57500125DAC /* Frameworks */,
				971A66552B25F57500125DAC /* Resources */,
			);
			buildRules = (
			);
			dependencies = (
			);
			name = EssentialFeed;
			productName = EssentialFeed;
			productReference = 971A66572B25F57500125DAC /* EssentialFeed.framework */;
			productType = "com.apple.product-type.framework";
		};
		971A665E2B25F57600125DAC /* EssentialFeedTests */ = {
			isa = PBXNativeTarget;
			buildConfigurationList = 971A666C2B25F57600125DAC /* Build configuration list for PBXNativeTarget "EssentialFeedTests" */;
			buildPhases = (
				971A665B2B25F57600125DAC /* Sources */,
				971A665C2B25F57600125DAC /* Frameworks */,
				971A665D2B25F57600125DAC /* Resources */,
			);
			buildRules = (
			);
			dependencies = (
				971A66622B25F57600125DAC /* PBXTargetDependency */,
			);
			name = EssentialFeedTests;
			productName = EssentialFeedTests;
			productReference = 971A665F2B25F57600125DAC /* EssentialFeedTests.xctest */;
			productType = "com.apple.product-type.bundle.unit-test";
		};
		972082EB2B2CFCEB0054D897 /* EssentialFeedAPIEndToEndTests */ = {
			isa = PBXNativeTarget;
			buildConfigurationList = 972082F32B2CFCEB0054D897 /* Build configuration list for PBXNativeTarget "EssentialFeedAPIEndToEndTests" */;
			buildPhases = (
				972082E82B2CFCEB0054D897 /* Sources */,
				972082E92B2CFCEB0054D897 /* Frameworks */,
				972082EA2B2CFCEB0054D897 /* Resources */,
			);
			buildRules = (
			);
			dependencies = (
				972082F22B2CFCEB0054D897 /* PBXTargetDependency */,
			);
			name = EssentialFeedAPIEndToEndTests;
			productName = EssentialFeedAPIEndToEndTests;
			productReference = 972082EC2B2CFCEB0054D897 /* EssentialFeedAPIEndToEndTests.xctest */;
			productType = "com.apple.product-type.bundle.unit-test";
		};
/* End PBXNativeTarget section */

/* Begin PBXProject section */
		971A664E2B25F57500125DAC /* Project object */ = {
			isa = PBXProject;
			attributes = {
				BuildIndependentTargetsInParallel = 1;
				LastSwiftUpdateCheck = 1500;
				LastUpgradeCheck = 1500;
				TargetAttributes = {
					971A66562B25F57500125DAC = {
						CreatedOnToolsVersion = 15.0.1;
						LastSwiftMigration = 1500;
					};
					971A665E2B25F57600125DAC = {
						CreatedOnToolsVersion = 15.0.1;
					};
					972082EB2B2CFCEB0054D897 = {
						CreatedOnToolsVersion = 15.0.1;
					};
				};
			};
			buildConfigurationList = 971A66512B25F57500125DAC /* Build configuration list for PBXProject "EssentialFeed" */;
			compatibilityVersion = "Xcode 14.0";
			developmentRegion = en;
			hasScannedForEncodings = 0;
			knownRegions = (
				en,
				Base,
			);
			mainGroup = 971A664D2B25F57500125DAC;
			productRefGroup = 971A66582B25F57500125DAC /* Products */;
			projectDirPath = "";
			projectRoot = "";
			targets = (
				971A66562B25F57500125DAC /* EssentialFeed */,
				971A665E2B25F57600125DAC /* EssentialFeedTests */,
				972082EB2B2CFCEB0054D897 /* EssentialFeedAPIEndToEndTests */,
			);
		};
/* End PBXProject section */

/* Begin PBXResourcesBuildPhase section */
		971A66552B25F57500125DAC /* Resources */ = {
			isa = PBXResourcesBuildPhase;
			buildActionMask = 2147483647;
			files = (
			);
			runOnlyForDeploymentPostprocessing = 0;
		};
		971A665D2B25F57600125DAC /* Resources */ = {
			isa = PBXResourcesBuildPhase;
			buildActionMask = 2147483647;
			files = (
			);
			runOnlyForDeploymentPostprocessing = 0;
		};
		972082EA2B2CFCEB0054D897 /* Resources */ = {
			isa = PBXResourcesBuildPhase;
			buildActionMask = 2147483647;
			files = (
			);
			runOnlyForDeploymentPostprocessing = 0;
		};
/* End PBXResourcesBuildPhase section */

/* Begin PBXSourcesBuildPhase section */
		971A66532B25F57500125DAC /* Sources */ = {
			isa = PBXSourcesBuildPhase;
			buildActionMask = 2147483647;
			files = (
				9777FBA82B27BF77004DF1E3 /* FeedItemsMapper.swift in Sources */,
				971A66722B25F65B00125DAC /* FeedLoader.swift in Sources */,
				973F28402B2F94770078367B /* RemoteFeedItem.swift in Sources */,
				971A66782B2604F700125DAC /* RemoteFeedLoader.swift in Sources */,
				973F28422B2F953D0078367B /* LocalFeedItem.swift in Sources */,
				979BF1B32B2E624100424A7C /* FeedStore.swift in Sources */,
				979BF1B12B2E61B500424A7C /* LocalFeedLoader.swift in Sources */,
				9777FBA62B27BF05004DF1E3 /* HTTPClient.swift in Sources */,
				971A66702B25F59D00125DAC /* FeedItem.swift in Sources */,
				972082E62B2CF96E0054D897 /* URLSessionHTTPClient.swift in Sources */,
			);
			runOnlyForDeploymentPostprocessing = 0;
		};
		971A665B2B25F57600125DAC /* Sources */ = {
			isa = PBXSourcesBuildPhase;
			buildActionMask = 2147483647;
			files = (
				971A66752B25F7CE00125DAC /* LoadFeedFromRemoteUseCaseTest.swift in Sources */,
				9777FBAB2B2901A2004DF1E3 /* URLSessionHTTPClientTests.swift in Sources */,
				979BF1AE2B2E0B6400424A7C /* CacheFeedUsetestCaseTests.swift in Sources */,
				9777FBAE2B29EA7C004DF1E3 /* XCTestCase+MemoryLeakTracking.swift in Sources */,
			);
			runOnlyForDeploymentPostprocessing = 0;
		};
		972082E82B2CFCEB0054D897 /* Sources */ = {
			isa = PBXSourcesBuildPhase;
			buildActionMask = 2147483647;
			files = (
				972082EF2B2CFCEB0054D897 /* EssentialFeedAPIEndToEndTests.swift in Sources */,
				972082F62B2D03230054D897 /* XCTestCase+MemoryLeakTracking.swift in Sources */,
			);
			runOnlyForDeploymentPostprocessing = 0;
		};
/* End PBXSourcesBuildPhase section */

/* Begin PBXTargetDependency section */
		971A66622B25F57600125DAC /* PBXTargetDependency */ = {
			isa = PBXTargetDependency;
			target = 971A66562B25F57500125DAC /* EssentialFeed */;
			targetProxy = 971A66612B25F57600125DAC /* PBXContainerItemProxy */;
		};
		972082F22B2CFCEB0054D897 /* PBXTargetDependency */ = {
			isa = PBXTargetDependency;
			target = 971A66562B25F57500125DAC /* EssentialFeed */;
			targetProxy = 972082F12B2CFCEB0054D897 /* PBXContainerItemProxy */;
		};
/* End PBXTargetDependency section */

/* Begin XCBuildConfiguration section */
		971A66672B25F57600125DAC /* Debug */ = {
			isa = XCBuildConfiguration;
			buildSettings = {
				ALWAYS_SEARCH_USER_PATHS = NO;
				ASSETCATALOG_COMPILER_GENERATE_SWIFT_ASSET_SYMBOL_EXTENSIONS = YES;
				CLANG_ANALYZER_NONNULL = YES;
				CLANG_ANALYZER_NUMBER_OBJECT_CONVERSION = YES_AGGRESSIVE;
				CLANG_CXX_LANGUAGE_STANDARD = "gnu++20";
				CLANG_ENABLE_MODULES = YES;
				CLANG_ENABLE_OBJC_ARC = YES;
				CLANG_ENABLE_OBJC_WEAK = YES;
				CLANG_WARN_BLOCK_CAPTURE_AUTORELEASING = YES;
				CLANG_WARN_BOOL_CONVERSION = YES;
				CLANG_WARN_COMMA = YES;
				CLANG_WARN_CONSTANT_CONVERSION = YES;
				CLANG_WARN_DEPRECATED_OBJC_IMPLEMENTATIONS = YES;
				CLANG_WARN_DIRECT_OBJC_ISA_USAGE = YES_ERROR;
				CLANG_WARN_DOCUMENTATION_COMMENTS = YES;
				CLANG_WARN_EMPTY_BODY = YES;
				CLANG_WARN_ENUM_CONVERSION = YES;
				CLANG_WARN_INFINITE_RECURSION = YES;
				CLANG_WARN_INT_CONVERSION = YES;
				CLANG_WARN_NON_LITERAL_NULL_CONVERSION = YES;
				CLANG_WARN_OBJC_IMPLICIT_RETAIN_SELF = YES;
				CLANG_WARN_OBJC_LITERAL_CONVERSION = YES;
				CLANG_WARN_OBJC_ROOT_CLASS = YES_ERROR;
				CLANG_WARN_QUOTED_INCLUDE_IN_FRAMEWORK_HEADER = YES;
				CLANG_WARN_RANGE_LOOP_ANALYSIS = YES;
				CLANG_WARN_STRICT_PROTOTYPES = YES;
				CLANG_WARN_SUSPICIOUS_MOVE = YES;
				CLANG_WARN_UNGUARDED_AVAILABILITY = YES_AGGRESSIVE;
				CLANG_WARN_UNREACHABLE_CODE = YES;
				CLANG_WARN__DUPLICATE_METHOD_MATCH = YES;
				COPY_PHASE_STRIP = NO;
				CURRENT_PROJECT_VERSION = 1;
				DEBUG_INFORMATION_FORMAT = dwarf;
				ENABLE_STRICT_OBJC_MSGSEND = YES;
				ENABLE_TESTABILITY = YES;
				ENABLE_USER_SCRIPT_SANDBOXING = YES;
				GCC_C_LANGUAGE_STANDARD = gnu17;
				GCC_DYNAMIC_NO_PIC = NO;
				GCC_NO_COMMON_BLOCKS = YES;
				GCC_OPTIMIZATION_LEVEL = 0;
				GCC_PREPROCESSOR_DEFINITIONS = (
					"DEBUG=1",
					"$(inherited)",
				);
				GCC_WARN_64_TO_32_BIT_CONVERSION = YES;
				GCC_WARN_ABOUT_RETURN_TYPE = YES_ERROR;
				GCC_WARN_UNDECLARED_SELECTOR = YES;
				GCC_WARN_UNINITIALIZED_AUTOS = YES_AGGRESSIVE;
				GCC_WARN_UNUSED_FUNCTION = YES;
				GCC_WARN_UNUSED_VARIABLE = YES;
				LOCALIZATION_PREFERS_STRING_CATALOGS = YES;
				MACOSX_DEPLOYMENT_TARGET = 13.5;
				MTL_ENABLE_DEBUG_INFO = INCLUDE_SOURCE;
				MTL_FAST_MATH = YES;
				ONLY_ACTIVE_ARCH = YES;
				SDKROOT = macosx;
				SWIFT_ACTIVE_COMPILATION_CONDITIONS = "DEBUG $(inherited)";
				SWIFT_OPTIMIZATION_LEVEL = "-Onone";
				VERSIONING_SYSTEM = "apple-generic";
				VERSION_INFO_PREFIX = "";
			};
			name = Debug;
		};
		971A66682B25F57600125DAC /* Release */ = {
			isa = XCBuildConfiguration;
			buildSettings = {
				ALWAYS_SEARCH_USER_PATHS = NO;
				ASSETCATALOG_COMPILER_GENERATE_SWIFT_ASSET_SYMBOL_EXTENSIONS = YES;
				CLANG_ANALYZER_NONNULL = YES;
				CLANG_ANALYZER_NUMBER_OBJECT_CONVERSION = YES_AGGRESSIVE;
				CLANG_CXX_LANGUAGE_STANDARD = "gnu++20";
				CLANG_ENABLE_MODULES = YES;
				CLANG_ENABLE_OBJC_ARC = YES;
				CLANG_ENABLE_OBJC_WEAK = YES;
				CLANG_WARN_BLOCK_CAPTURE_AUTORELEASING = YES;
				CLANG_WARN_BOOL_CONVERSION = YES;
				CLANG_WARN_COMMA = YES;
				CLANG_WARN_CONSTANT_CONVERSION = YES;
				CLANG_WARN_DEPRECATED_OBJC_IMPLEMENTATIONS = YES;
				CLANG_WARN_DIRECT_OBJC_ISA_USAGE = YES_ERROR;
				CLANG_WARN_DOCUMENTATION_COMMENTS = YES;
				CLANG_WARN_EMPTY_BODY = YES;
				CLANG_WARN_ENUM_CONVERSION = YES;
				CLANG_WARN_INFINITE_RECURSION = YES;
				CLANG_WARN_INT_CONVERSION = YES;
				CLANG_WARN_NON_LITERAL_NULL_CONVERSION = YES;
				CLANG_WARN_OBJC_IMPLICIT_RETAIN_SELF = YES;
				CLANG_WARN_OBJC_LITERAL_CONVERSION = YES;
				CLANG_WARN_OBJC_ROOT_CLASS = YES_ERROR;
				CLANG_WARN_QUOTED_INCLUDE_IN_FRAMEWORK_HEADER = YES;
				CLANG_WARN_RANGE_LOOP_ANALYSIS = YES;
				CLANG_WARN_STRICT_PROTOTYPES = YES;
				CLANG_WARN_SUSPICIOUS_MOVE = YES;
				CLANG_WARN_UNGUARDED_AVAILABILITY = YES_AGGRESSIVE;
				CLANG_WARN_UNREACHABLE_CODE = YES;
				CLANG_WARN__DUPLICATE_METHOD_MATCH = YES;
				COPY_PHASE_STRIP = NO;
				CURRENT_PROJECT_VERSION = 1;
				DEBUG_INFORMATION_FORMAT = "dwarf-with-dsym";
				ENABLE_NS_ASSERTIONS = NO;
				ENABLE_STRICT_OBJC_MSGSEND = YES;
				ENABLE_USER_SCRIPT_SANDBOXING = YES;
				GCC_C_LANGUAGE_STANDARD = gnu17;
				GCC_NO_COMMON_BLOCKS = YES;
				GCC_WARN_64_TO_32_BIT_CONVERSION = YES;
				GCC_WARN_ABOUT_RETURN_TYPE = YES_ERROR;
				GCC_WARN_UNDECLARED_SELECTOR = YES;
				GCC_WARN_UNINITIALIZED_AUTOS = YES_AGGRESSIVE;
				GCC_WARN_UNUSED_FUNCTION = YES;
				GCC_WARN_UNUSED_VARIABLE = YES;
				LOCALIZATION_PREFERS_STRING_CATALOGS = YES;
				MACOSX_DEPLOYMENT_TARGET = 13.5;
				MTL_ENABLE_DEBUG_INFO = NO;
				MTL_FAST_MATH = YES;
				SDKROOT = macosx;
				SWIFT_COMPILATION_MODE = wholemodule;
				VERSIONING_SYSTEM = "apple-generic";
				VERSION_INFO_PREFIX = "";
			};
			name = Release;
		};
		971A666A2B25F57600125DAC /* Debug */ = {
			isa = XCBuildConfiguration;
			buildSettings = {
				CLANG_ENABLE_MODULES = YES;
				CODE_SIGN_STYLE = Automatic;
				COMBINE_HIDPI_IMAGES = YES;
				CURRENT_PROJECT_VERSION = 1;
				DEFINES_MODULE = YES;
				DEVELOPMENT_TEAM = ZW8WAFRA58;
				DYLIB_COMPATIBILITY_VERSION = 1;
				DYLIB_CURRENT_VERSION = 1;
				DYLIB_INSTALL_NAME_BASE = "@rpath";
				ENABLE_MODULE_VERIFIER = YES;
				GENERATE_INFOPLIST_FILE = YES;
				INFOPLIST_KEY_NSHumanReadableCopyright = "";
				INSTALL_PATH = "$(LOCAL_LIBRARY_DIR)/Frameworks";
				LD_RUNPATH_SEARCH_PATHS = (
					"$(inherited)",
					"@executable_path/../Frameworks",
					"@loader_path/Frameworks",
				);
				MARKETING_VERSION = 1.0;
				MODULE_VERIFIER_SUPPORTED_LANGUAGES = "objective-c objective-c++";
				MODULE_VERIFIER_SUPPORTED_LANGUAGE_STANDARDS = "gnu17 gnu++20";
				PRODUCT_BUNDLE_IDENTIFIER = com.riskov.EssentialFeed;
				PRODUCT_NAME = "$(TARGET_NAME:c99extidentifier)";
				SKIP_INSTALL = YES;
				SWIFT_EMIT_LOC_STRINGS = YES;
				SWIFT_OPTIMIZATION_LEVEL = "-Onone";
				SWIFT_VERSION = 5.0;
			};
			name = Debug;
		};
		971A666B2B25F57600125DAC /* Release */ = {
			isa = XCBuildConfiguration;
			buildSettings = {
				CLANG_ENABLE_MODULES = YES;
				CODE_SIGN_STYLE = Automatic;
				COMBINE_HIDPI_IMAGES = YES;
				CURRENT_PROJECT_VERSION = 1;
				DEFINES_MODULE = YES;
				DEVELOPMENT_TEAM = ZW8WAFRA58;
				DYLIB_COMPATIBILITY_VERSION = 1;
				DYLIB_CURRENT_VERSION = 1;
				DYLIB_INSTALL_NAME_BASE = "@rpath";
				ENABLE_MODULE_VERIFIER = YES;
				GENERATE_INFOPLIST_FILE = YES;
				INFOPLIST_KEY_NSHumanReadableCopyright = "";
				INSTALL_PATH = "$(LOCAL_LIBRARY_DIR)/Frameworks";
				LD_RUNPATH_SEARCH_PATHS = (
					"$(inherited)",
					"@executable_path/../Frameworks",
					"@loader_path/Frameworks",
				);
				MARKETING_VERSION = 1.0;
				MODULE_VERIFIER_SUPPORTED_LANGUAGES = "objective-c objective-c++";
				MODULE_VERIFIER_SUPPORTED_LANGUAGE_STANDARDS = "gnu17 gnu++20";
				PRODUCT_BUNDLE_IDENTIFIER = com.riskov.EssentialFeed;
				PRODUCT_NAME = "$(TARGET_NAME:c99extidentifier)";
				SKIP_INSTALL = YES;
				SWIFT_EMIT_LOC_STRINGS = YES;
				SWIFT_VERSION = 5.0;
			};
			name = Release;
		};
		971A666D2B25F57600125DAC /* Debug */ = {
			isa = XCBuildConfiguration;
			buildSettings = {
				ALWAYS_EMBED_SWIFT_STANDARD_LIBRARIES = YES;
				CODE_SIGN_STYLE = Automatic;
				CURRENT_PROJECT_VERSION = 1;
				DEVELOPMENT_TEAM = ZW8WAFRA58;
				GENERATE_INFOPLIST_FILE = YES;
				MARKETING_VERSION = 1.0;
				PRODUCT_BUNDLE_IDENTIFIER = com.riskov.EssentialFeedTests;
				PRODUCT_NAME = "$(TARGET_NAME)";
				SWIFT_EMIT_LOC_STRINGS = NO;
				SWIFT_VERSION = 5.0;
			};
			name = Debug;
		};
		971A666E2B25F57600125DAC /* Release */ = {
			isa = XCBuildConfiguration;
			buildSettings = {
				ALWAYS_EMBED_SWIFT_STANDARD_LIBRARIES = YES;
				CODE_SIGN_STYLE = Automatic;
				CURRENT_PROJECT_VERSION = 1;
				DEVELOPMENT_TEAM = ZW8WAFRA58;
				GENERATE_INFOPLIST_FILE = YES;
				MARKETING_VERSION = 1.0;
				PRODUCT_BUNDLE_IDENTIFIER = com.riskov.EssentialFeedTests;
				PRODUCT_NAME = "$(TARGET_NAME)";
				SWIFT_EMIT_LOC_STRINGS = NO;
				SWIFT_VERSION = 5.0;
			};
			name = Release;
		};
		972082F42B2CFCEB0054D897 /* Debug */ = {
			isa = XCBuildConfiguration;
			buildSettings = {
				CODE_SIGN_STYLE = Automatic;
				CURRENT_PROJECT_VERSION = 1;
				DEVELOPMENT_TEAM = ZW8WAFRA58;
				GENERATE_INFOPLIST_FILE = YES;
				MARKETING_VERSION = 1.0;
				PRODUCT_BUNDLE_IDENTIFIER = com.riskov.EssentialFeedAPIEndToEndTests;
				PRODUCT_NAME = "$(TARGET_NAME)";
				SWIFT_EMIT_LOC_STRINGS = NO;
				SWIFT_VERSION = 5.0;
			};
			name = Debug;
		};
		972082F52B2CFCEB0054D897 /* Release */ = {
			isa = XCBuildConfiguration;
			buildSettings = {
				CODE_SIGN_STYLE = Automatic;
				CURRENT_PROJECT_VERSION = 1;
				DEVELOPMENT_TEAM = ZW8WAFRA58;
				GENERATE_INFOPLIST_FILE = YES;
				MARKETING_VERSION = 1.0;
				PRODUCT_BUNDLE_IDENTIFIER = com.riskov.EssentialFeedAPIEndToEndTests;
				PRODUCT_NAME = "$(TARGET_NAME)";
				SWIFT_EMIT_LOC_STRINGS = NO;
				SWIFT_VERSION = 5.0;
			};
			name = Release;
		};
/* End XCBuildConfiguration section */

/* Begin XCConfigurationList section */
		971A66512B25F57500125DAC /* Build configuration list for PBXProject "EssentialFeed" */ = {
			isa = XCConfigurationList;
			buildConfigurations = (
				971A66672B25F57600125DAC /* Debug */,
				971A66682B25F57600125DAC /* Release */,
			);
			defaultConfigurationIsVisible = 0;
			defaultConfigurationName = Release;
		};
		971A66692B25F57600125DAC /* Build configuration list for PBXNativeTarget "EssentialFeed" */ = {
			isa = XCConfigurationList;
			buildConfigurations = (
				971A666A2B25F57600125DAC /* Debug */,
				971A666B2B25F57600125DAC /* Release */,
			);
			defaultConfigurationIsVisible = 0;
			defaultConfigurationName = Release;
		};
		971A666C2B25F57600125DAC /* Build configuration list for PBXNativeTarget "EssentialFeedTests" */ = {
			isa = XCConfigurationList;
			buildConfigurations = (
				971A666D2B25F57600125DAC /* Debug */,
				971A666E2B25F57600125DAC /* Release */,
			);
			defaultConfigurationIsVisible = 0;
			defaultConfigurationName = Release;
		};
		972082F32B2CFCEB0054D897 /* Build configuration list for PBXNativeTarget "EssentialFeedAPIEndToEndTests" */ = {
			isa = XCConfigurationList;
			buildConfigurations = (
				972082F42B2CFCEB0054D897 /* Debug */,
				972082F52B2CFCEB0054D897 /* Release */,
			);
			defaultConfigurationIsVisible = 0;
			defaultConfigurationName = Release;
		};
/* End XCConfigurationList section */
	};
	rootObject = 971A664E2B25F57500125DAC /* Project object */;
}
